
Microsoft Visual Studio Solution File, Format Version 12.00
# Visual Studio Version 17
VisualStudioVersion = 17.8.34330.188
MinimumVisualStudioVersion = 10.0.40219.1
Project("{9A19103F-16F7-4668-BE54-9A1E7A4F7556}") = "ChatHub", "ChatHub\ChatHub.csproj", "{6860B849-7058-43A8-8DD0-46E01C6BCDA7}"
EndProject
Project("{FAE04EC0-301F-11D3-BF4B-00C04F79EFBC}") = "Ch.ApiModels", "Ch.ApiModels\Ch.ApiModels.csproj", "{A69BE0A4-A1C7-4726-9113-EC15672322B7}"
EndProject
Project("{FAE04EC0-301F-11D3-BF4B-00C04F79EFBC}") = "CH.Framework", "CH.Framework\CH.Framework.csproj", "{2453AB6A-18CC-425D-B363-A8DEA4F03567}"
EndProject
Global
	GlobalSection(SolutionConfigurationPlatforms) = preSolution
		Debug|Any CPU = Debug|Any CPU
		Release|Any CPU = Release|Any CPU
	EndGlobalSection
	GlobalSection(ProjectConfigurationPlatforms) = postSolution
		{6860B849-7058-43A8-8DD0-46E01C6BCDA7}.Debug|Any CPU.ActiveCfg = Debug|Any CPU
		{6860B849-7058-43A8-8DD0-46E01C6BCDA7}.Debug|Any CPU.Build.0 = Debug|Any CPU
		{6860B849-7058-43A8-8DD0-46E01C6BCDA7}.Debug|Any CPU.Deploy.0 = Debug|Any CPU
		{6860B849-7058-43A8-8DD0-46E01C6BCDA7}.Release|Any CPU.ActiveCfg = Release|Any CPU
		{6860B849-7058-43A8-8DD0-46E01C6BCDA7}.Release|Any CPU.Build.0 = Release|Any CPU
		{6860B849-7058-43A8-8DD0-46E01C6BCDA7}.Release|Any CPU.Deploy.0 = Release|Any CPU
		{A69BE0A4-A1C7-4726-9113-EC15672322B7}.Debug|Any CPU.ActiveCfg = Debug|Any CPU
		{A69BE0A4-A1C7-4726-9113-EC15672322B7}.Debug|Any CPU.Build.0 = Debug|Any CPU
		{A69BE0A4-A1C7-4726-9113-EC15672322B7}.Release|Any CPU.ActiveCfg = Release|Any CPU
		{A69BE0A4-A1C7-4726-9113-EC15672322B7}.Release|Any CPU.Build.0 = Release|Any CPU
		{2453AB6A-18CC-425D-B363-A8DEA4F03567}.Debug|Any CPU.ActiveCfg = Debug|Any CPU
		{2453AB6A-18CC-425D-B363-A8DEA4F03567}.Debug|Any CPU.Build.0 = Debug|Any CPU
		{2453AB6A-18CC-425D-B363-A8DEA4F03567}.Release|Any CPU.ActiveCfg = Release|Any CPU
		{2453AB6A-18CC-425D-B363-A8DEA4F03567}.Release|Any CPU.Build.0 = Release|Any CPU
	EndGlobalSection
	GlobalSection(SolutionProperties) = preSolution
		HideSolutionNode = FALSE
	EndGlobalSection
	GlobalSection(ExtensibilityGlobals) = postSolution
		SolutionGuid = {28C28687-3337-4CE0-8915-CC9277DAFA80}
	EndGlobalSection
EndGlobal
